// !$*UTF8*$!
{
	archiveVersion = 1;
	classes = {
	};
	objectVersion = 56;
	objects = {

/* Begin PBXBuildFile section */
		71B5C8B129A2A3BD00B850BD /* AppDelegate.swift in Sources */ = {isa = PBXBuildFile; fileRef = 71B5C8B029A2A3BD00B850BD /* AppDelegate.swift */; };
		71B5C8B329A2A3BD00B850BD /* SceneDelegate.swift in Sources */ = {isa = PBXBuildFile; fileRef = 71B5C8B229A2A3BD00B850BD /* SceneDelegate.swift */; };
		71B5C8BA29A2A3C000B850BD /* Assets.xcassets in Resources */ = {isa = PBXBuildFile; fileRef = 71B5C8B929A2A3C000B850BD /* Assets.xcassets */; };
		71B5C8BD29A2A3C000B850BD /* LaunchScreen.storyboard in Resources */ = {isa = PBXBuildFile; fileRef = 71B5C8BB29A2A3C000B850BD /* LaunchScreen.storyboard */; };
		71B5C8CE29A2A5D500B850BD /* AppCoordinator.swift in Sources */ = {isa = PBXBuildFile; fileRef = 71B5C8CD29A2A5D500B850BD /* AppCoordinator.swift */; };
		71B5C8D029A2A60600B850BD /* HomeDeviceListCoordinator.swift in Sources */ = {isa = PBXBuildFile; fileRef = 71B5C8CF29A2A60600B850BD /* HomeDeviceListCoordinator.swift */; };
		71B5C8D229A2A68200B850BD /* HomeDeviceListViewModel.swift in Sources */ = {isa = PBXBuildFile; fileRef = 71B5C8D129A2A68200B850BD /* HomeDeviceListViewModel.swift */; };
		71B5C8D429A2A6A800B850BD /* HomeDeviceListViewController.swift in Sources */ = {isa = PBXBuildFile; fileRef = 71B5C8D329A2A6A800B850BD /* HomeDeviceListViewController.swift */; };
		71B5C8D629A2ABCF00B850BD /* HomeData.swift in Sources */ = {isa = PBXBuildFile; fileRef = 71B5C8D529A2ABCF00B850BD /* HomeData.swift */; };
		71B5C8D829A2AC2100B850BD /* Light.swift in Sources */ = {isa = PBXBuildFile; fileRef = 71B5C8D729A2AC2100B850BD /* Light.swift */; };
		71B5C8DA29A2AC3100B850BD /* RollerShutter.swift in Sources */ = {isa = PBXBuildFile; fileRef = 71B5C8D929A2AC3100B850BD /* RollerShutter.swift */; };
		71B5C8DC29A2AC3F00B850BD /* Heater.swift in Sources */ = {isa = PBXBuildFile; fileRef = 71B5C8DB29A2AC3F00B850BD /* Heater.swift */; };
		71B5C8DE29A2ADE800B850BD /* DataService.swift in Sources */ = {isa = PBXBuildFile; fileRef = 71B5C8DD29A2ADE800B850BD /* DataService.swift */; };
		71B5C8E029A2AE6D00B850BD /* DataAdapter.swift in Sources */ = {isa = PBXBuildFile; fileRef = 71B5C8DF29A2AE6D00B850BD /* DataAdapter.swift */; };
		71B5C8E329A2B02500B850BD /* HomeTableView.swift in Sources */ = {isa = PBXBuildFile; fileRef = 71B5C8E229A2B02500B850BD /* HomeTableView.swift */; };
		71B5C8E629A2B0AB00B850BD /* LightCell.swift in Sources */ = {isa = PBXBuildFile; fileRef = 71B5C8E529A2B0AB00B850BD /* LightCell.swift */; };
		71B5C8E829A2B0BF00B850BD /* RollerCell.swift in Sources */ = {isa = PBXBuildFile; fileRef = 71B5C8E729A2B0BF00B850BD /* RollerCell.swift */; };
		71B5C8EA29A2B0D200B850BD /* HeaterCell.swift in Sources */ = {isa = PBXBuildFile; fileRef = 71B5C8E929A2B0D200B850BD /* HeaterCell.swift */; };
		71B5C8EC29A2B10100B850BD /* UserCell.swift in Sources */ = {isa = PBXBuildFile; fileRef = 71B5C8EB29A2B10100B850BD /* UserCell.swift */; };
		71B5C8F029A2B16600B850BD /* DeviceImageView.swift in Sources */ = {isa = PBXBuildFile; fileRef = 71B5C8EF29A2B16600B850BD /* DeviceImageView.swift */; };
		71B5C8F229A2B17200B850BD /* UserImageView.swift in Sources */ = {isa = PBXBuildFile; fileRef = 71B5C8F129A2B17200B850BD /* UserImageView.swift */; };
		71B5C8F429A2B1D000B850BD /* NSLayoutConstraint+Ext.swift in Sources */ = {isa = PBXBuildFile; fileRef = 71B5C8F329A2B1D000B850BD /* NSLayoutConstraint+Ext.swift */; };
		71B5C8F629A2B20000B850BD /* DeviceNameLabel.swift in Sources */ = {isa = PBXBuildFile; fileRef = 71B5C8F529A2B20000B850BD /* DeviceNameLabel.swift */; };
		71B5C8F829A2B21000B850BD /* DeviceIntensityLabel.swift in Sources */ = {isa = PBXBuildFile; fileRef = 71B5C8F729A2B21000B850BD /* DeviceIntensityLabel.swift */; };
		71B5C8FA29A2B22F00B850BD /* DeviceModeLabel.swift in Sources */ = {isa = PBXBuildFile; fileRef = 71B5C8F929A2B22F00B850BD /* DeviceModeLabel.swift */; };
		71B5C8FC29A2B29D00B850BD /* UIStackView+Ext.swift in Sources */ = {isa = PBXBuildFile; fileRef = 71B5C8FB29A2B29D00B850BD /* UIStackView+Ext.swift */; };
		71B5C8FE29A2B45800B850BD /* HomeData.json in Resources */ = {isa = PBXBuildFile; fileRef = 71B5C8FD29A2B45800B850BD /* HomeData.json */; };
		71B5C90229A2B59500B850BD /* Localizable.strings in Resources */ = {isa = PBXBuildFile; fileRef = 71B5C90429A2B59500B850BD /* Localizable.strings */; };
		71B5C90729A2C6C200B850BD /* NameSteeringPageLabel.swift in Sources */ = {isa = PBXBuildFile; fileRef = 71B5C90629A2C6C200B850BD /* NameSteeringPageLabel.swift */; };
		71B5C90929A2C6E800B850BD /* IntensitySteeringPageLabel.swift in Sources */ = {isa = PBXBuildFile; fileRef = 71B5C90829A2C6E800B850BD /* IntensitySteeringPageLabel.swift */; };
		71B5C90C29A2C75E00B850BD /* RollerSteeringPageView.swift in Sources */ = {isa = PBXBuildFile; fileRef = 71B5C90B29A2C75E00B850BD /* RollerSteeringPageView.swift */; };
		71B5C90E29A2C77100B850BD /* LightSteeringPageView.swift in Sources */ = {isa = PBXBuildFile; fileRef = 71B5C90D29A2C77100B850BD /* LightSteeringPageView.swift */; };
		71B5C91029A2C78500B850BD /* HeaterSteeringPageView.swift in Sources */ = {isa = PBXBuildFile; fileRef = 71B5C90F29A2C78500B850BD /* HeaterSteeringPageView.swift */; };
		71B5C91229A2C82900B850BD /* UIView+Ext.swift in Sources */ = {isa = PBXBuildFile; fileRef = 71B5C91129A2C82900B850BD /* UIView+Ext.swift */; };
		71B5C91429A2CF3500B850BD /* LightSteeringPageViewController.swift in Sources */ = {isa = PBXBuildFile; fileRef = 71B5C91329A2CF3500B850BD /* LightSteeringPageViewController.swift */; };
		71B5C91629A2CF9900B850BD /* LightSteeringPageViewModel.swift in Sources */ = {isa = PBXBuildFile; fileRef = 71B5C91529A2CF9900B850BD /* LightSteeringPageViewModel.swift */; };
		71B5C91829A2D18700B850BD /* LightSteeringPageCoordinator.swift in Sources */ = {isa = PBXBuildFile; fileRef = 71B5C91729A2D18700B850BD /* LightSteeringPageCoordinator.swift */; };
/* End PBXBuildFile section */

/* Begin PBXFileReference section */
		71B5C8AD29A2A3BD00B850BD /* AutomationTestApp.app */ = {isa = PBXFileReference; explicitFileType = wrapper.application; includeInIndex = 0; path = AutomationTestApp.app; sourceTree = BUILT_PRODUCTS_DIR; };
		71B5C8B029A2A3BD00B850BD /* AppDelegate.swift */ = {isa = PBXFileReference; lastKnownFileType = sourcecode.swift; path = AppDelegate.swift; sourceTree = "<group>"; };
		71B5C8B229A2A3BD00B850BD /* SceneDelegate.swift */ = {isa = PBXFileReference; lastKnownFileType = sourcecode.swift; path = SceneDelegate.swift; sourceTree = "<group>"; };
		71B5C8B929A2A3C000B850BD /* Assets.xcassets */ = {isa = PBXFileReference; lastKnownFileType = folder.assetcatalog; path = Assets.xcassets; sourceTree = "<group>"; };
		71B5C8BC29A2A3C000B850BD /* Base */ = {isa = PBXFileReference; lastKnownFileType = file.storyboard; name = Base; path = Base.lproj/LaunchScreen.storyboard; sourceTree = "<group>"; };
		71B5C8BE29A2A3C000B850BD /* Info.plist */ = {isa = PBXFileReference; lastKnownFileType = text.plist.xml; path = Info.plist; sourceTree = "<group>"; };
		71B5C8CD29A2A5D500B850BD /* AppCoordinator.swift */ = {isa = PBXFileReference; lastKnownFileType = sourcecode.swift; path = AppCoordinator.swift; sourceTree = "<group>"; };
		71B5C8CF29A2A60600B850BD /* HomeDeviceListCoordinator.swift */ = {isa = PBXFileReference; lastKnownFileType = sourcecode.swift; path = HomeDeviceListCoordinator.swift; sourceTree = "<group>"; };
		71B5C8D129A2A68200B850BD /* HomeDeviceListViewModel.swift */ = {isa = PBXFileReference; lastKnownFileType = sourcecode.swift; path = HomeDeviceListViewModel.swift; sourceTree = "<group>"; };
		71B5C8D329A2A6A800B850BD /* HomeDeviceListViewController.swift */ = {isa = PBXFileReference; lastKnownFileType = sourcecode.swift; path = HomeDeviceListViewController.swift; sourceTree = "<group>"; };
		71B5C8D529A2ABCF00B850BD /* HomeData.swift */ = {isa = PBXFileReference; lastKnownFileType = sourcecode.swift; path = HomeData.swift; sourceTree = "<group>"; };
		71B5C8D729A2AC2100B850BD /* Light.swift */ = {isa = PBXFileReference; lastKnownFileType = sourcecode.swift; path = Light.swift; sourceTree = "<group>"; };
		71B5C8D929A2AC3100B850BD /* RollerShutter.swift */ = {isa = PBXFileReference; lastKnownFileType = sourcecode.swift; path = RollerShutter.swift; sourceTree = "<group>"; };
		71B5C8DB29A2AC3F00B850BD /* Heater.swift */ = {isa = PBXFileReference; lastKnownFileType = sourcecode.swift; path = Heater.swift; sourceTree = "<group>"; };
		71B5C8DD29A2ADE800B850BD /* DataService.swift */ = {isa = PBXFileReference; lastKnownFileType = sourcecode.swift; path = DataService.swift; sourceTree = "<group>"; };
		71B5C8DF29A2AE6D00B850BD /* DataAdapter.swift */ = {isa = PBXFileReference; lastKnownFileType = sourcecode.swift; path = DataAdapter.swift; sourceTree = "<group>"; };
		71B5C8E229A2B02500B850BD /* HomeTableView.swift */ = {isa = PBXFileReference; lastKnownFileType = sourcecode.swift; path = HomeTableView.swift; sourceTree = "<group>"; };
		71B5C8E529A2B0AB00B850BD /* LightCell.swift */ = {isa = PBXFileReference; lastKnownFileType = sourcecode.swift; path = LightCell.swift; sourceTree = "<group>"; };
		71B5C8E729A2B0BF00B850BD /* RollerCell.swift */ = {isa = PBXFileReference; lastKnownFileType = sourcecode.swift; path = RollerCell.swift; sourceTree = "<group>"; };
		71B5C8E929A2B0D200B850BD /* HeaterCell.swift */ = {isa = PBXFileReference; lastKnownFileType = sourcecode.swift; path = HeaterCell.swift; sourceTree = "<group>"; };
		71B5C8EB29A2B10100B850BD /* UserCell.swift */ = {isa = PBXFileReference; lastKnownFileType = sourcecode.swift; path = UserCell.swift; sourceTree = "<group>"; };
		71B5C8EF29A2B16600B850BD /* DeviceImageView.swift */ = {isa = PBXFileReference; lastKnownFileType = sourcecode.swift; path = DeviceImageView.swift; sourceTree = "<group>"; };
		71B5C8F129A2B17200B850BD /* UserImageView.swift */ = {isa = PBXFileReference; lastKnownFileType = sourcecode.swift; path = UserImageView.swift; sourceTree = "<group>"; };
		71B5C8F329A2B1D000B850BD /* NSLayoutConstraint+Ext.swift */ = {isa = PBXFileReference; lastKnownFileType = sourcecode.swift; path = "NSLayoutConstraint+Ext.swift"; sourceTree = "<group>"; };
		71B5C8F529A2B20000B850BD /* DeviceNameLabel.swift */ = {isa = PBXFileReference; lastKnownFileType = sourcecode.swift; path = DeviceNameLabel.swift; sourceTree = "<group>"; };
		71B5C8F729A2B21000B850BD /* DeviceIntensityLabel.swift */ = {isa = PBXFileReference; lastKnownFileType = sourcecode.swift; path = DeviceIntensityLabel.swift; sourceTree = "<group>"; };
		71B5C8F929A2B22F00B850BD /* DeviceModeLabel.swift */ = {isa = PBXFileReference; lastKnownFileType = sourcecode.swift; path = DeviceModeLabel.swift; sourceTree = "<group>"; };
		71B5C8FB29A2B29D00B850BD /* UIStackView+Ext.swift */ = {isa = PBXFileReference; lastKnownFileType = sourcecode.swift; path = "UIStackView+Ext.swift"; sourceTree = "<group>"; };
		71B5C8FD29A2B45800B850BD /* HomeData.json */ = {isa = PBXFileReference; fileEncoding = 4; lastKnownFileType = text.json; name = HomeData.json; path = ../../../HomeData.json; sourceTree = "<group>"; };
		71B5C90129A2B58C00B850BD /* fr */ = {isa = PBXFileReference; lastKnownFileType = text.plist.strings; name = fr; path = fr.lproj/LaunchScreen.strings; sourceTree = "<group>"; };
		71B5C90329A2B59500B850BD /* fr */ = {isa = PBXFileReference; lastKnownFileType = text.plist.strings; name = fr; path = fr.lproj/Localizable.strings; sourceTree = "<group>"; };
		71B5C90529A2B5AD00B850BD /* en */ = {isa = PBXFileReference; lastKnownFileType = text.plist.strings; name = en; path = en.lproj/Localizable.strings; sourceTree = "<group>"; };
		71B5C90629A2C6C200B850BD /* NameSteeringPageLabel.swift */ = {isa = PBXFileReference; lastKnownFileType = sourcecode.swift; path = NameSteeringPageLabel.swift; sourceTree = "<group>"; };
		71B5C90829A2C6E800B850BD /* IntensitySteeringPageLabel.swift */ = {isa = PBXFileReference; lastKnownFileType = sourcecode.swift; path = IntensitySteeringPageLabel.swift; sourceTree = "<group>"; };
		71B5C90B29A2C75E00B850BD /* RollerSteeringPageView.swift */ = {isa = PBXFileReference; lastKnownFileType = sourcecode.swift; path = RollerSteeringPageView.swift; sourceTree = "<group>"; };
		71B5C90D29A2C77100B850BD /* LightSteeringPageView.swift */ = {isa = PBXFileReference; lastKnownFileType = sourcecode.swift; path = LightSteeringPageView.swift; sourceTree = "<group>"; };
		71B5C90F29A2C78500B850BD /* HeaterSteeringPageView.swift */ = {isa = PBXFileReference; lastKnownFileType = sourcecode.swift; path = HeaterSteeringPageView.swift; sourceTree = "<group>"; };
		71B5C91129A2C82900B850BD /* UIView+Ext.swift */ = {isa = PBXFileReference; lastKnownFileType = sourcecode.swift; path = "UIView+Ext.swift"; sourceTree = "<group>"; };
		71B5C91329A2CF3500B850BD /* LightSteeringPageViewController.swift */ = {isa = PBXFileReference; lastKnownFileType = sourcecode.swift; path = LightSteeringPageViewController.swift; sourceTree = "<group>"; };
		71B5C91529A2CF9900B850BD /* LightSteeringPageViewModel.swift */ = {isa = PBXFileReference; lastKnownFileType = sourcecode.swift; path = LightSteeringPageViewModel.swift; sourceTree = "<group>"; };
		71B5C91729A2D18700B850BD /* LightSteeringPageCoordinator.swift */ = {isa = PBXFileReference; lastKnownFileType = sourcecode.swift; path = LightSteeringPageCoordinator.swift; sourceTree = "<group>"; };
/* End PBXFileReference section */

/* Begin PBXFrameworksBuildPhase section */
		71B5C8AA29A2A3BD00B850BD /* Frameworks */ = {
			isa = PBXFrameworksBuildPhase;
			buildActionMask = 2147483647;
			files = (
			);
			runOnlyForDeploymentPostprocessing = 0;
		};
/* End PBXFrameworksBuildPhase section */

/* Begin PBXGroup section */
		71B5C8A429A2A3BD00B850BD = {
			isa = PBXGroup;
			children = (
				71B5C8AF29A2A3BD00B850BD /* AutomationTestApp */,
				71B5C8AE29A2A3BD00B850BD /* Products */,
			);
			sourceTree = "<group>";
		};
		71B5C8AE29A2A3BD00B850BD /* Products */ = {
			isa = PBXGroup;
			children = (
				71B5C8AD29A2A3BD00B850BD /* AutomationTestApp.app */,
			);
			name = Products;
			sourceTree = "<group>";
		};
		71B5C8AF29A2A3BD00B850BD /* AutomationTestApp */ = {
			isa = PBXGroup;
			children = (
				71B5C8CB29A2A4D700B850BD /* Extension */,
				71B5C8CC29A2A4F100B850BD /* Controllers */,
				71B5C8CA29A2A4C400B850BD /* ViewModels */,
				71B5C8C929A2A4B800B850BD /* Coordinators */,
				71B5C8C829A2A4B100B850BD /* Models */,
				71B5C8C529A2A49600B850BD /* Services */,
				71B5C8C429A2A48C00B850BD /* View */,
				71B5C8B029A2A3BD00B850BD /* AppDelegate.swift */,
				71B5C8B229A2A3BD00B850BD /* SceneDelegate.swift */,
				71B5C8B929A2A3C000B850BD /* Assets.xcassets */,
				71B5C8FD29A2B45800B850BD /* HomeData.json */,
				71B5C8BB29A2A3C000B850BD /* LaunchScreen.storyboard */,
				71B5C8BE29A2A3C000B850BD /* Info.plist */,
				71B5C90429A2B59500B850BD /* Localizable.strings */,
			);
			path = AutomationTestApp;
			sourceTree = "<group>";
		};
		71B5C8C429A2A48C00B850BD /* View */ = {
			isa = PBXGroup;
			children = (
				71B5C90A29A2C73600B850BD /* CustomView */,
				71B5C8EE29A2B13900B850BD /* Labels */,
				71B5C8ED29A2B12400B850BD /* ImageViews */,
				71B5C8E429A2B08700B850BD /* TableViewCells */,
				71B5C8E129A2B00900B850BD /* TableViews */,
			);
			path = View;
			sourceTree = "<group>";
		};
		71B5C8C529A2A49600B850BD /* Services */ = {
			isa = PBXGroup;
			children = (
				71B5C8DD29A2ADE800B850BD /* DataService.swift */,
				71B5C8DF29A2AE6D00B850BD /* DataAdapter.swift */,
			);
			path = Services;
			sourceTree = "<group>";
		};
		71B5C8C829A2A4B100B850BD /* Models */ = {
			isa = PBXGroup;
			children = (
				71B5C8D529A2ABCF00B850BD /* HomeData.swift */,
				71B5C8D729A2AC2100B850BD /* Light.swift */,
				71B5C8D929A2AC3100B850BD /* RollerShutter.swift */,
				71B5C8DB29A2AC3F00B850BD /* Heater.swift */,
			);
			path = Models;
			sourceTree = "<group>";
		};
		71B5C8C929A2A4B800B850BD /* Coordinators */ = {
			isa = PBXGroup;
			children = (
				71B5C8CD29A2A5D500B850BD /* AppCoordinator.swift */,
				71B5C8CF29A2A60600B850BD /* HomeDeviceListCoordinator.swift */,
				71B5C91729A2D18700B850BD /* LightSteeringPageCoordinator.swift */,
			);
			path = Coordinators;
			sourceTree = "<group>";
		};
		71B5C8CA29A2A4C400B850BD /* ViewModels */ = {
			isa = PBXGroup;
			children = (
				71B5C8D129A2A68200B850BD /* HomeDeviceListViewModel.swift */,
				71B5C91529A2CF9900B850BD /* LightSteeringPageViewModel.swift */,
			);
			path = ViewModels;
			sourceTree = "<group>";
		};
		71B5C8CB29A2A4D700B850BD /* Extension */ = {
			isa = PBXGroup;
			children = (
				71B5C8F329A2B1D000B850BD /* NSLayoutConstraint+Ext.swift */,
				71B5C8FB29A2B29D00B850BD /* UIStackView+Ext.swift */,
				71B5C91129A2C82900B850BD /* UIView+Ext.swift */,
			);
			path = Extension;
			sourceTree = "<group>";
		};
		71B5C8CC29A2A4F100B850BD /* Controllers */ = {
			isa = PBXGroup;
			children = (
				71B5C8D329A2A6A800B850BD /* HomeDeviceListViewController.swift */,
				71B5C91329A2CF3500B850BD /* LightSteeringPageViewController.swift */,
			);
			path = Controllers;
			sourceTree = "<group>";
		};
		71B5C8E129A2B00900B850BD /* TableViews */ = {
			isa = PBXGroup;
			children = (
				71B5C8E229A2B02500B850BD /* HomeTableView.swift */,
			);
			path = TableViews;
			sourceTree = "<group>";
		};
		71B5C8E429A2B08700B850BD /* TableViewCells */ = {
			isa = PBXGroup;
			children = (
				71B5C8E529A2B0AB00B850BD /* LightCell.swift */,
				71B5C8E729A2B0BF00B850BD /* RollerCell.swift */,
				71B5C8E929A2B0D200B850BD /* HeaterCell.swift */,
				71B5C8EB29A2B10100B850BD /* UserCell.swift */,
			);
			path = TableViewCells;
			sourceTree = "<group>";
		};
		71B5C8ED29A2B12400B850BD /* ImageViews */ = {
			isa = PBXGroup;
			children = (
				71B5C8EF29A2B16600B850BD /* DeviceImageView.swift */,
				71B5C8F129A2B17200B850BD /* UserImageView.swift */,
			);
			path = ImageViews;
			sourceTree = "<group>";
		};
		71B5C8EE29A2B13900B850BD /* Labels */ = {
			isa = PBXGroup;
			children = (
				71B5C8F529A2B20000B850BD /* DeviceNameLabel.swift */,
				71B5C8F729A2B21000B850BD /* DeviceIntensityLabel.swift */,
				71B5C8F929A2B22F00B850BD /* DeviceModeLabel.swift */,
				71B5C90629A2C6C200B850BD /* NameSteeringPageLabel.swift */,
				71B5C90829A2C6E800B850BD /* IntensitySteeringPageLabel.swift */,
			);
			path = Labels;
			sourceTree = "<group>";
		};
		71B5C90A29A2C73600B850BD /* CustomView */ = {
			isa = PBXGroup;
			children = (
				71B5C90B29A2C75E00B850BD /* RollerSteeringPageView.swift */,
				71B5C90D29A2C77100B850BD /* LightSteeringPageView.swift */,
				71B5C90F29A2C78500B850BD /* HeaterSteeringPageView.swift */,
			);
			path = CustomView;
			sourceTree = "<group>";
		};
/* End PBXGroup section */

/* Begin PBXNativeTarget section */
		71B5C8AC29A2A3BD00B850BD /* AutomationTestApp */ = {
			isa = PBXNativeTarget;
			buildConfigurationList = 71B5C8C129A2A3C000B850BD /* Build configuration list for PBXNativeTarget "AutomationTestApp" */;
			buildPhases = (
				71B5C8A929A2A3BD00B850BD /* Sources */,
				71B5C8AA29A2A3BD00B850BD /* Frameworks */,
				71B5C8AB29A2A3BD00B850BD /* Resources */,
			);
			buildRules = (
			);
			dependencies = (
			);
			name = AutomationTestApp;
			productName = AutomationTestApp;
			productReference = 71B5C8AD29A2A3BD00B850BD /* AutomationTestApp.app */;
			productType = "com.apple.product-type.application";
		};
/* End PBXNativeTarget section */

/* Begin PBXProject section */
		71B5C8A529A2A3BD00B850BD /* Project object */ = {
			isa = PBXProject;
			attributes = {
				BuildIndependentTargetsInParallel = 1;
				LastSwiftUpdateCheck = 1400;
				LastUpgradeCheck = 1400;
				TargetAttributes = {
					71B5C8AC29A2A3BD00B850BD = {
						CreatedOnToolsVersion = 14.0;
					};
				};
			};
			buildConfigurationList = 71B5C8A829A2A3BD00B850BD /* Build configuration list for PBXProject "AutomationTestApp" */;
			compatibilityVersion = "Xcode 14.0";
			developmentRegion = en;
			hasScannedForEncodings = 0;
			knownRegions = (
				en,
				Base,
				fr,
			);
			mainGroup = 71B5C8A429A2A3BD00B850BD;
			productRefGroup = 71B5C8AE29A2A3BD00B850BD /* Products */;
			projectDirPath = "";
			projectRoot = "";
			targets = (
				71B5C8AC29A2A3BD00B850BD /* AutomationTestApp */,
			);
		};
/* End PBXProject section */

/* Begin PBXResourcesBuildPhase section */
		71B5C8AB29A2A3BD00B850BD /* Resources */ = {
			isa = PBXResourcesBuildPhase;
			buildActionMask = 2147483647;
			files = (
				71B5C8BD29A2A3C000B850BD /* LaunchScreen.storyboard in Resources */,
				71B5C90229A2B59500B850BD /* Localizable.strings in Resources */,
				71B5C8BA29A2A3C000B850BD /* Assets.xcassets in Resources */,
				71B5C8FE29A2B45800B850BD /* HomeData.json in Resources */,
			);
			runOnlyForDeploymentPostprocessing = 0;
		};
/* End PBXResourcesBuildPhase section */

/* Begin PBXSourcesBuildPhase section */
		71B5C8A929A2A3BD00B850BD /* Sources */ = {
			isa = PBXSourcesBuildPhase;
			buildActionMask = 2147483647;
			files = (
				71B5C91829A2D18700B850BD /* LightSteeringPageCoordinator.swift in Sources */,
				71B5C8CE29A2A5D500B850BD /* AppCoordinator.swift in Sources */,
				71B5C8D229A2A68200B850BD /* HomeDeviceListViewModel.swift in Sources */,
				71B5C91229A2C82900B850BD /* UIView+Ext.swift in Sources */,
				71B5C8B129A2A3BD00B850BD /* AppDelegate.swift in Sources */,
				71B5C90E29A2C77100B850BD /* LightSteeringPageView.swift in Sources */,
				71B5C8FC29A2B29D00B850BD /* UIStackView+Ext.swift in Sources */,
				71B5C8FA29A2B22F00B850BD /* DeviceModeLabel.swift in Sources */,
				71B5C8B329A2A3BD00B850BD /* SceneDelegate.swift in Sources */,
				71B5C8EC29A2B10100B850BD /* UserCell.swift in Sources */,
				71B5C8EA29A2B0D200B850BD /* HeaterCell.swift in Sources */,
				71B5C90729A2C6C200B850BD /* NameSteeringPageLabel.swift in Sources */,
				71B5C8DC29A2AC3F00B850BD /* Heater.swift in Sources */,
				71B5C8F629A2B20000B850BD /* DeviceNameLabel.swift in Sources */,
				71B5C8DE29A2ADE800B850BD /* DataService.swift in Sources */,
				71B5C8E829A2B0BF00B850BD /* RollerCell.swift in Sources */,
				71B5C91029A2C78500B850BD /* HeaterSteeringPageView.swift in Sources */,
				71B5C8E329A2B02500B850BD /* HomeTableView.swift in Sources */,
				71B5C8F229A2B17200B850BD /* UserImageView.swift in Sources */,
				71B5C8F429A2B1D000B850BD /* NSLayoutConstraint+Ext.swift in Sources */,
				71B5C8F029A2B16600B850BD /* DeviceImageView.swift in Sources */,
				71B5C8D629A2ABCF00B850BD /* HomeData.swift in Sources */,
				71B5C8D029A2A60600B850BD /* HomeDeviceListCoordinator.swift in Sources */,
				71B5C8D829A2AC2100B850BD /* Light.swift in Sources */,
				71B5C8E629A2B0AB00B850BD /* LightCell.swift in Sources */,
				71B5C8DA29A2AC3100B850BD /* RollerShutter.swift in Sources */,
				71B5C91429A2CF3500B850BD /* LightSteeringPageViewController.swift in Sources */,
				71B5C91629A2CF9900B850BD /* LightSteeringPageViewModel.swift in Sources */,
				71B5C8D429A2A6A800B850BD /* HomeDeviceListViewController.swift in Sources */,
				71B5C90C29A2C75E00B850BD /* RollerSteeringPageView.swift in Sources */,
				71B5C8F829A2B21000B850BD /* DeviceIntensityLabel.swift in Sources */,
				71B5C90929A2C6E800B850BD /* IntensitySteeringPageLabel.swift in Sources */,
				71B5C8E029A2AE6D00B850BD /* DataAdapter.swift in Sources */,
			);
			runOnlyForDeploymentPostprocessing = 0;
		};
/* End PBXSourcesBuildPhase section */

/* Begin PBXVariantGroup section */
		71B5C8BB29A2A3C000B850BD /* LaunchScreen.storyboard */ = {
			isa = PBXVariantGroup;
			children = (
				71B5C8BC29A2A3C000B850BD /* Base */,
				71B5C90129A2B58C00B850BD /* fr */,
			);
			name = LaunchScreen.storyboard;
			sourceTree = "<group>";
		};
		71B5C90429A2B59500B850BD /* Localizable.strings */ = {
			isa = PBXVariantGroup;
			children = (
				71B5C90329A2B59500B850BD /* fr */,
				71B5C90529A2B5AD00B850BD /* en */,
			);
			name = Localizable.strings;
			sourceTree = "<group>";
		};
/* End PBXVariantGroup section */

/* Begin XCBuildConfiguration section */
		71B5C8BF29A2A3C000B850BD /* Debug */ = {
			isa = XCBuildConfiguration;
			buildSettings = {
				ALWAYS_SEARCH_USER_PATHS = NO;
				CLANG_ANALYZER_LOCALIZABILITY_NONLOCALIZED = YES;
				CLANG_ANALYZER_NONNULL = YES;
				CLANG_ANALYZER_NUMBER_OBJECT_CONVERSION = YES_AGGRESSIVE;
				CLANG_CXX_LANGUAGE_STANDARD = "gnu++20";
				CLANG_ENABLE_MODULES = YES;
				CLANG_ENABLE_OBJC_ARC = YES;
				CLANG_ENABLE_OBJC_WEAK = YES;
				CLANG_WARN_BLOCK_CAPTURE_AUTORELEASING = YES;
				CLANG_WARN_BOOL_CONVERSION = YES;
				CLANG_WARN_COMMA = YES;
				CLANG_WARN_CONSTANT_CONVERSION = YES;
				CLANG_WARN_DEPRECATED_OBJC_IMPLEMENTATIONS = YES;
				CLANG_WARN_DIRECT_OBJC_ISA_USAGE = YES_ERROR;
				CLANG_WARN_DOCUMENTATION_COMMENTS = YES;
				CLANG_WARN_EMPTY_BODY = YES;
				CLANG_WARN_ENUM_CONVERSION = YES;
				CLANG_WARN_INFINITE_RECURSION = YES;
				CLANG_WARN_INT_CONVERSION = YES;
				CLANG_WARN_NON_LITERAL_NULL_CONVERSION = YES;
				CLANG_WARN_OBJC_IMPLICIT_RETAIN_SELF = YES;
				CLANG_WARN_OBJC_LITERAL_CONVERSION = YES;
				CLANG_WARN_OBJC_ROOT_CLASS = YES_ERROR;
				CLANG_WARN_QUOTED_INCLUDE_IN_FRAMEWORK_HEADER = YES;
				CLANG_WARN_RANGE_LOOP_ANALYSIS = YES;
				CLANG_WARN_STRICT_PROTOTYPES = YES;
				CLANG_WARN_SUSPICIOUS_MOVE = YES;
				CLANG_WARN_UNGUARDED_AVAILABILITY = YES_AGGRESSIVE;
				CLANG_WARN_UNREACHABLE_CODE = YES;
				CLANG_WARN__DUPLICATE_METHOD_MATCH = YES;
				COPY_PHASE_STRIP = NO;
				DEBUG_INFORMATION_FORMAT = dwarf;
				ENABLE_STRICT_OBJC_MSGSEND = YES;
				ENABLE_TESTABILITY = YES;
				GCC_C_LANGUAGE_STANDARD = gnu11;
				GCC_DYNAMIC_NO_PIC = NO;
				GCC_NO_COMMON_BLOCKS = YES;
				GCC_OPTIMIZATION_LEVEL = 0;
				GCC_PREPROCESSOR_DEFINITIONS = (
					"DEBUG=1",
					"$(inherited)",
				);
				GCC_WARN_64_TO_32_BIT_CONVERSION = YES;
				GCC_WARN_ABOUT_RETURN_TYPE = YES_ERROR;
				GCC_WARN_UNDECLARED_SELECTOR = YES;
				GCC_WARN_UNINITIALIZED_AUTOS = YES_AGGRESSIVE;
				GCC_WARN_UNUSED_FUNCTION = YES;
				GCC_WARN_UNUSED_VARIABLE = YES;
				IPHONEOS_DEPLOYMENT_TARGET = 16.0;
				MTL_ENABLE_DEBUG_INFO = INCLUDE_SOURCE;
				MTL_FAST_MATH = YES;
				ONLY_ACTIVE_ARCH = YES;
				SDKROOT = iphoneos;
				SWIFT_ACTIVE_COMPILATION_CONDITIONS = DEBUG;
				SWIFT_OPTIMIZATION_LEVEL = "-Onone";
			};
			name = Debug;
		};
		71B5C8C029A2A3C000B850BD /* Release */ = {
			isa = XCBuildConfiguration;
			buildSettings = {
				ALWAYS_SEARCH_USER_PATHS = NO;
				CLANG_ANALYZER_LOCALIZABILITY_NONLOCALIZED = YES;
				CLANG_ANALYZER_NONNULL = YES;
				CLANG_ANALYZER_NUMBER_OBJECT_CONVERSION = YES_AGGRESSIVE;
				CLANG_CXX_LANGUAGE_STANDARD = "gnu++20";
				CLANG_ENABLE_MODULES = YES;
				CLANG_ENABLE_OBJC_ARC = YES;
				CLANG_ENABLE_OBJC_WEAK = YES;
				CLANG_WARN_BLOCK_CAPTURE_AUTORELEASING = YES;
				CLANG_WARN_BOOL_CONVERSION = YES;
				CLANG_WARN_COMMA = YES;
				CLANG_WARN_CONSTANT_CONVERSION = YES;
				CLANG_WARN_DEPRECATED_OBJC_IMPLEMENTATIONS = YES;
				CLANG_WARN_DIRECT_OBJC_ISA_USAGE = YES_ERROR;
				CLANG_WARN_DOCUMENTATION_COMMENTS = YES;
				CLANG_WARN_EMPTY_BODY = YES;
				CLANG_WARN_ENUM_CONVERSION = YES;
				CLANG_WARN_INFINITE_RECURSION = YES;
				CLANG_WARN_INT_CONVERSION = YES;
				CLANG_WARN_NON_LITERAL_NULL_CONVERSION = YES;
				CLANG_WARN_OBJC_IMPLICIT_RETAIN_SELF = YES;
				CLANG_WARN_OBJC_LITERAL_CONVERSION = YES;
				CLANG_WARN_OBJC_ROOT_CLASS = YES_ERROR;
				CLANG_WARN_QUOTED_INCLUDE_IN_FRAMEWORK_HEADER = YES;
				CLANG_WARN_RANGE_LOOP_ANALYSIS = YES;
				CLANG_WARN_STRICT_PROTOTYPES = YES;
				CLANG_WARN_SUSPICIOUS_MOVE = YES;
				CLANG_WARN_UNGUARDED_AVAILABILITY = YES_AGGRESSIVE;
				CLANG_WARN_UNREACHABLE_CODE = YES;
				CLANG_WARN__DUPLICATE_METHOD_MATCH = YES;
				COPY_PHASE_STRIP = NO;
				DEBUG_INFORMATION_FORMAT = "dwarf-with-dsym";
				ENABLE_NS_ASSERTIONS = NO;
				ENABLE_STRICT_OBJC_MSGSEND = YES;
				GCC_C_LANGUAGE_STANDARD = gnu11;
				GCC_NO_COMMON_BLOCKS = YES;
				GCC_WARN_64_TO_32_BIT_CONVERSION = YES;
				GCC_WARN_ABOUT_RETURN_TYPE = YES_ERROR;
				GCC_WARN_UNDECLARED_SELECTOR = YES;
				GCC_WARN_UNINITIALIZED_AUTOS = YES_AGGRESSIVE;
				GCC_WARN_UNUSED_FUNCTION = YES;
				GCC_WARN_UNUSED_VARIABLE = YES;
				IPHONEOS_DEPLOYMENT_TARGET = 16.0;
				MTL_ENABLE_DEBUG_INFO = NO;
				MTL_FAST_MATH = YES;
				SDKROOT = iphoneos;
				SWIFT_COMPILATION_MODE = wholemodule;
				SWIFT_OPTIMIZATION_LEVEL = "-O";
				VALIDATE_PRODUCT = YES;
			};
			name = Release;
		};
		71B5C8C229A2A3C000B850BD /* Debug */ = {
			isa = XCBuildConfiguration;
			buildSettings = {
				ASSETCATALOG_COMPILER_APPICON_NAME = AppIcon;
				ASSETCATALOG_COMPILER_GLOBAL_ACCENT_COLOR_NAME = AccentColor;
				CODE_SIGN_STYLE = Automatic;
				CURRENT_PROJECT_VERSION = 1;
				DEVELOPMENT_TEAM = 73HJ4V6TMH;
				GENERATE_INFOPLIST_FILE = YES;
				INFOPLIST_FILE = AutomationTestApp/Info.plist;
				INFOPLIST_KEY_UIApplicationSupportsIndirectInputEvents = YES;
				INFOPLIST_KEY_UILaunchStoryboardName = LaunchScreen;
				INFOPLIST_KEY_UISupportedInterfaceOrientations = UIInterfaceOrientationPortrait;
				IPHONEOS_DEPLOYMENT_TARGET = 14.0;
				LD_RUNPATH_SEARCH_PATHS = (
					"$(inherited)",
					"@executable_path/Frameworks",
				);
				MARKETING_VERSION = 1.0;
				PRODUCT_BUNDLE_IDENTIFIER = com.training.AutomationTestApp;
				PRODUCT_NAME = "$(TARGET_NAME)";
				SUPPORTED_PLATFORMS = "iphoneos iphonesimulator";
				SUPPORTS_MACCATALYST = NO;
				SUPPORTS_MAC_DESIGNED_FOR_IPHONE_IPAD = NO;
				SWIFT_EMIT_LOC_STRINGS = YES;
				SWIFT_VERSION = 5.0;
				TARGETED_DEVICE_FAMILY = 1;
			};
			name = Debug;
		};
		71B5C8C329A2A3C000B850BD /* Release */ = {
			isa = XCBuildConfiguration;
			buildSettings = {
				ASSETCATALOG_COMPILER_APPICON_NAME = AppIcon;
				ASSETCATALOG_COMPILER_GLOBAL_ACCENT_COLOR_NAME = AccentColor;
				CODE_SIGN_STYLE = Automatic;
				CURRENT_PROJECT_VERSION = 1;
				DEVELOPMENT_TEAM = 73HJ4V6TMH;
				GENERATE_INFOPLIST_FILE = YES;
				INFOPLIST_FILE = AutomationTestApp/Info.plist;
				INFOPLIST_KEY_UIApplicationSupportsIndirectInputEvents = YES;
				INFOPLIST_KEY_UILaunchStoryboardName = LaunchScreen;
				INFOPLIST_KEY_UISupportedInterfaceOrientations = UIInterfaceOrientationPortrait;
				IPHONEOS_DEPLOYMENT_TARGET = 14.0;
				LD_RUNPATH_SEARCH_PATHS = (
					"$(inherited)",
					"@executable_path/Frameworks",
				);
				MARKETING_VERSION = 1.0;
				PRODUCT_BUNDLE_IDENTIFIER = com.training.AutomationTestApp;
				PRODUCT_NAME = "$(TARGET_NAME)";
				SUPPORTED_PLATFORMS = "iphoneos iphonesimulator";
				SUPPORTS_MACCATALYST = NO;
				SUPPORTS_MAC_DESIGNED_FOR_IPHONE_IPAD = NO;
				SWIFT_EMIT_LOC_STRINGS = YES;
				SWIFT_VERSION = 5.0;
				TARGETED_DEVICE_FAMILY = 1;
			};
			name = Release;
		};
/* End XCBuildConfiguration section */

/* Begin XCConfigurationList section */
		71B5C8A829A2A3BD00B850BD /* Build configuration list for PBXProject "AutomationTestApp" */ = {
			isa = XCConfigurationList;
			buildConfigurations = (
				71B5C8BF29A2A3C000B850BD /* Debug */,
				71B5C8C029A2A3C000B850BD /* Release */,
			);
			defaultConfigurationIsVisible = 0;
			defaultConfigurationName = Release;
		};
		71B5C8C129A2A3C000B850BD /* Build configuration list for PBXNativeTarget "AutomationTestApp" */ = {
			isa = XCConfigurationList;
			buildConfigurations = (
				71B5C8C229A2A3C000B850BD /* Debug */,
				71B5C8C329A2A3C000B850BD /* Release */,
			);
			defaultConfigurationIsVisible = 0;
			defaultConfigurationName = Release;
		};
/* End XCConfigurationList section */
	};
	rootObject = 71B5C8A529A2A3BD00B850BD /* Project object */;
}
